{
    "_readme": [
        "This file locks the dependencies of your project to a known state",
        "Read more about it at https://getcomposer.org/doc/01-basic-usage.md#installing-dependencies",
        "This file is @generated automatically"
    ],
    "content-hash": "03ed2b65f643464df9b6e401d99814ac",
    "packages": [],
    "packages-dev": [
        {
            "name": "sebastian/csv-parser",
            "version": "1.0.1",
            "source": {
                "type": "git",
                "url": "https://github.com/sebastianbergmann/csv-parser.git",
                "reference": "6a1ef45536c69ce762e0cf8990f89114465646ab"
            },
            "dist": {
                "type": "zip",
                "url": "https://api.github.com/repos/sebastianbergmann/csv-parser/zipball/6a1ef45536c69ce762e0cf8990f89114465646ab",
                "reference": "6a1ef45536c69ce762e0cf8990f89114465646ab",
                "shasum": ""
            },
            "require": {
                "php": ">=8.3"
            },
            "type": "library",
            "extra": {
                "branch-alias": {
                    "dev-main": "1.0-dev"
                }
            },
            "autoload": {
                "classmap": [
                    "src/"
                ]
            },
            "notification-url": "https://packagist.org/downloads/",
            "license": [
                "BSD-3-Clause"
            ],
            "authors": [
                {
                    "name": "Sebastian Bergmann",
                    "email": "sebastian@phpunit.de",
                    "role": "lead"
                }
            ],
            "description": "Library for type-safe parsing of CSV files",
            "homepage": "https://github.com/sebastianbergmann/csv-parser",
            "support": {
                "issues": "https://github.com/sebastianbergmann/csv-parser/issues",
                "security": "https://github.com/sebastianbergmann/csv-parser/security/policy",
                "source": "https://github.com/sebastianbergmann/csv-parser/tree/1.0.1"
            },
            "funding": [
                {
                    "url": "https://github.com/sebastianbergmann",
                    "type": "github"
                }
            ],
            "time": "2024-07-03T04:51:23+00:00"
        },
        {
            "name": "sebastian/mysqli-wrapper",
            "version": "dev-main",
            "source": {
                "type": "git",
                "url": "https://github.com/sebastianbergmann/mysqli-wrapper.git",
                "reference": "5a16acd2ecff152be36c26ff7fdb41be2e24a428"
            },
            "dist": {
                "type": "zip",
                "url": "https://api.github.com/repos/sebastianbergmann/mysqli-wrapper/zipball/5a16acd2ecff152be36c26ff7fdb41be2e24a428",
                "reference": "5a16acd2ecff152be36c26ff7fdb41be2e24a428",
                "shasum": ""
            },
            "require": {
                "ext-mysqli": "*",
                "php": ">=8.3",
                "sebastian/csv-parser": "^1.0"
            },
            "default-branch": true,
            "type": "library",
            "extra": {
                "branch-alias": {
                    "dev-master": "1.0-dev"
                }
            },
            "autoload": {
                "classmap": [
                    "src/"
                ]
            },
            "notification-url": "https://packagist.org/downloads/",
            "license": [
                "BSD-3-Clause"
            ],
            "authors": [
                {
                    "name": "Sebastian Bergmann",
                    "email": "sebastian@phpunit.de",
                    "role": "lead"
                }
            ],
            "description": "Wrapper around PHP's mysqli extension",
            "homepage": "https://github.com/sebastianbergmann/mysqli-wrapper",
            "keywords": [
                "mariadb",
                "mysql",
                "mysqli"
            ],
            "support": {
                "issues": "https://github.com/sebastianbergmann/mysqli-wrapper/issues",
                "source": "https://github.com/sebastianbergmann/mysqli-wrapper/tree/main"
            },
            "funding": [
                {
                    "url": "https://github.com/sebastianbergmann",
                    "type": "github"
                }
            ],
            "time": "2024-07-13T15:39:48+00:00"
        },
        {
            "name": "sebastian/uuid",
            "version": "1.0.2",
            "source": {
                "type": "git",
                "url": "https://github.com/sebastianbergmann/uuid.git",
                "reference": "c9ac75325257e3b6edf03f95b6edf3a4473d915f"
            },
            "dist": {
                "type": "zip",
                "url": "https://api.github.com/repos/sebastianbergmann/uuid/zipball/c9ac75325257e3b6edf03f95b6edf3a4473d915f",
                "reference": "c9ac75325257e3b6edf03f95b6edf3a4473d915f",
                "shasum": ""
            },
            "require": {
                "php": ">=8.1"
            },
            "require-dev": {
                "phpunit/phpunit": "^10.0"
            },
            "type": "library",
            "extra": {
                "branch-alias": {
                    "dev-master": "1.0-dev"
                }
            },
            "autoload": {
                "files": [
                    "src/uuid.php"
                ]
            },
            "notification-url": "https://packagist.org/downloads/",
            "license": [
                "BSD-3-Clause"
            ],
            "authors": [
                {
                    "name": "Sebastian Bergmann",
                    "email": "sebastian@phpunit.de",
                    "role": "lead"
                }
            ],
            "description": "Function for generating a UUID (as string)",
            "homepage": "https://github.com/sebastianbergmann/uuid",
            "keywords": [
                "uuid"
            ],
            "support": {
                "issues": "https://github.com/sebastianbergmann/uuid/issues",
                "source": "https://github.com/sebastianbergmann/uuid/tree/1.0.2"
            },
            "funding": [
                {
                    "url": "https://github.com/sebastianbergmann",
                    "type": "github"
                }
            ],
            "time": "2024-07-13T14:04:56+00:00"
        }
    ],
    "aliases": [],
    "minimum-stability": "stable",
    "stability-flags": {
        "sebastian/mysqli-wrapper": 20
    },
    "prefer-stable": true,
    "prefer-lowest": false,
    "platform": {
        "ext-mysqli": "*"
    },
    "platform-dev": [],
    "plugin-api-version": "2.6.0"
}
